
Microsoft Visual Studio Solution File, Format Version 12.00
# Visual Studio Version 17
VisualStudioVersion = 17.0.31903.59
MinimumVisualStudioVersion = 10.0.40219.1
Project("{9A19103F-16F7-4668-BE54-9A1E7A4F7556}") = "AdventOfCode.Console", "AdventOfCode.Console\AdventOfCode.Console.csproj", "{7E385302-4351-4F38-8339-85B785583921}"
EndProject
Project("{6EC3EE1D-3C4E-46DD-8F32-0CC8E7565705}") = "AdventOfCode.FSharp", "AdventOfCode.FSharp\AdventOfCode.FSharp.fsproj", "{733D6C5F-EA26-4E08-A4E2-DE122EC4BF77}"
EndProject
Project("{9A19103F-16F7-4668-BE54-9A1E7A4F7556}") = "AdventOfCode.CSharp", "AdventOfCode.CSharp\AdventOfCode.CSharp.csproj", "{10B25DB4-D904-4E23-B788-77ED412C6A22}"
EndProject
Global
	GlobalSection(SolutionConfigurationPlatforms) = preSolution
		Debug|Any CPU = Debug|Any CPU
		Release|Any CPU = Release|Any CPU
	EndGlobalSection
	GlobalSection(ProjectConfigurationPlatforms) = postSolution
		{7E385302-4351-4F38-8339-85B785583921}.Debug|Any CPU.ActiveCfg = Debug|Any CPU
		{7E385302-4351-4F38-8339-85B785583921}.Debug|Any CPU.Build.0 = Debug|Any CPU
		{7E385302-4351-4F38-8339-85B785583921}.Release|Any CPU.ActiveCfg = Release|Any CPU
		{7E385302-4351-4F38-8339-85B785583921}.Release|Any CPU.Build.0 = Release|Any CPU
		{733D6C5F-EA26-4E08-A4E2-DE122EC4BF77}.Debug|Any CPU.ActiveCfg = Debug|Any CPU
		{733D6C5F-EA26-4E08-A4E2-DE122EC4BF77}.Debug|Any CPU.Build.0 = Debug|Any CPU
		{733D6C5F-EA26-4E08-A4E2-DE122EC4BF77}.Release|Any CPU.ActiveCfg = Release|Any CPU
		{733D6C5F-EA26-4E08-A4E2-DE122EC4BF77}.Release|Any CPU.Build.0 = Release|Any CPU
		{10B25DB4-D904-4E23-B788-77ED412C6A22}.Debug|Any CPU.ActiveCfg = Debug|Any CPU
		{10B25DB4-D904-4E23-B788-77ED412C6A22}.Debug|Any CPU.Build.0 = Debug|Any CPU
		{10B25DB4-D904-4E23-B788-77ED412C6A22}.Release|Any CPU.ActiveCfg = Release|Any CPU
		{10B25DB4-D904-4E23-B788-77ED412C6A22}.Release|Any CPU.Build.0 = Release|Any CPU
	EndGlobalSection
	GlobalSection(SolutionProperties) = preSolution
		HideSolutionNode = FALSE
	EndGlobalSection
	GlobalSection(ExtensibilityGlobals) = postSolution
		SolutionGuid = {E259108B-D151-4386-960E-3A7AB125C520}
	EndGlobalSection
EndGlobal
